
Microsoft Visual Studio Solution File, Format Version 12.00
Project("{FAE04EC0-301F-11D3-BF4B-00C04F79EFBC}") = "DTServerAPI", "DTServerAPI.csproj", "{DFF8803C-6326-44BE-9817-B602524AC885}"
EndProject
Project("{FAE04EC0-301F-11D3-BF4B-00C04F79EFBC}") = "DTAPITesting", "DTAPITesting\DTAPITesting.csproj", "{6DADAFBC-D290-4508-A274-D8D1725A20D4}"
EndProject
Global
	GlobalSection(SolutionConfigurationPlatforms) = preSolution
		Debug|Any CPU = Debug|Any CPU
		Release|Any CPU = Release|Any CPU
	EndGlobalSection
	GlobalSection(ProjectConfigurationPlatforms) = postSolution
		{DFF8803C-6326-44BE-9817-B602524AC885}.Debug|Any CPU.ActiveCfg = Debug|Any CPU
		{DFF8803C-6326-44BE-9817-B602524AC885}.Debug|Any CPU.Build.0 = Debug|Any CPU
		{DFF8803C-6326-44BE-9817-B602524AC885}.Release|Any CPU.ActiveCfg = Release|Any CPU
		{DFF8803C-6326-44BE-9817-B602524AC885}.Release|Any CPU.Build.0 = Release|Any CPU
		{6DADAFBC-D290-4508-A274-D8D1725A20D4}.Debug|Any CPU.ActiveCfg = Debug|Any CPU
		{6DADAFBC-D290-4508-A274-D8D1725A20D4}.Debug|Any CPU.Build.0 = Debug|Any CPU
		{6DADAFBC-D290-4508-A274-D8D1725A20D4}.Release|Any CPU.ActiveCfg = Release|Any CPU
		{6DADAFBC-D290-4508-A274-D8D1725A20D4}.Release|Any CPU.Build.0 = Release|Any CPU
	EndGlobalSection
EndGlobal
