
Microsoft Visual Studio Solution File, Format Version 12.00
Project("{FAE04EC0-301F-11D3-BF4B-00C04F79EFBC}") = "TimeTrack", "TimeTrack.csproj", "{FAF39775-5364-46F8-9ED3-18116F9B204C}"
EndProject
Project("{FAE04EC0-301F-11D3-BF4B-00C04F79EFBC}") = "TTAPI", "TTAPI\TTAPI.csproj", "{C03AFD2D-94AB-4A13-BEF9-B8044C9BB98D}"
EndProject
Project("{FAE04EC0-301F-11D3-BF4B-00C04F79EFBC}") = "TTWebsite", "TTWebsite\TTWebsite.csproj", "{D0E353BF-37D8-4376-85E9-4F152BADF4E3}"
EndProject
Global
	GlobalSection(SolutionConfigurationPlatforms) = preSolution
		Debug|Any CPU = Debug|Any CPU
		Release|Any CPU = Release|Any CPU
	EndGlobalSection
	GlobalSection(ProjectConfigurationPlatforms) = postSolution
		{FAF39775-5364-46F8-9ED3-18116F9B204C}.Debug|Any CPU.ActiveCfg = Debug|Any CPU
		{FAF39775-5364-46F8-9ED3-18116F9B204C}.Debug|Any CPU.Build.0 = Debug|Any CPU
		{FAF39775-5364-46F8-9ED3-18116F9B204C}.Release|Any CPU.ActiveCfg = Release|Any CPU
		{FAF39775-5364-46F8-9ED3-18116F9B204C}.Release|Any CPU.Build.0 = Release|Any CPU
		{C03AFD2D-94AB-4A13-BEF9-B8044C9BB98D}.Debug|Any CPU.ActiveCfg = Debug|Any CPU
		{C03AFD2D-94AB-4A13-BEF9-B8044C9BB98D}.Debug|Any CPU.Build.0 = Debug|Any CPU
		{C03AFD2D-94AB-4A13-BEF9-B8044C9BB98D}.Release|Any CPU.ActiveCfg = Release|Any CPU
		{C03AFD2D-94AB-4A13-BEF9-B8044C9BB98D}.Release|Any CPU.Build.0 = Release|Any CPU
		{D0E353BF-37D8-4376-85E9-4F152BADF4E3}.Debug|Any CPU.ActiveCfg = Debug|Any CPU
		{D0E353BF-37D8-4376-85E9-4F152BADF4E3}.Debug|Any CPU.Build.0 = Debug|Any CPU
		{D0E353BF-37D8-4376-85E9-4F152BADF4E3}.Release|Any CPU.ActiveCfg = Release|Any CPU
		{D0E353BF-37D8-4376-85E9-4F152BADF4E3}.Release|Any CPU.Build.0 = Release|Any CPU
	EndGlobalSection
EndGlobal
